# This file is automatically @generated by Cargo.
# It is not intended for manual editing.
[[package]]
name = "arch"
version = "0.1.0"

[[package]]
name = "console"
version = "0.1.0"

[[package]]
name = "cpu"
version = "0.1.0"
dependencies = [
 "arch 0.1.0",
]

[[package]]
name = "qemu-armv7"
version = "0.1.0"
dependencies = [
 "console 0.1.0",
 "cpu 0.1.0",
]

