# This file is automatically @generated by Cargo.
# It is not intended for manual editing.
version = 3

[[package]]
name = "arch"
version = "0.1.0"

[[package]]
name = "clock"
version = "0.1.0"

[[package]]
name = "consts"
version = "0.1.0"

[[package]]
name = "model"
version = "0.1.0"
dependencies = [
 "consts",
]

[[package]]
name = "soc"
version = "0.1.0"
dependencies = [
 "arch",
 "clock",
 "consts",
 "model",
 "spi",
 "tock-registers",
]

[[package]]
name = "spi"
version = "0.1.0"
dependencies = [
 "clock",
 "consts",
 "model",
 "tock-registers",
]

[[package]]
name = "tock-registers"
version = "0.7.0"
source = "registry+https://github.com/rust-lang/crates.io-index"
checksum = "4ee8fba06c1f4d0b396ef61a54530bb6b28f0dc61c38bc8bc5a5a48161e6282e"
