# This file is automatically @generated by Cargo.
# It is not intended for manual editing.
[[package]]
name = "drivers"
version = "0.1.0"
dependencies = [
 "register 0.3.2 (registry+https://github.com/rust-lang/crates.io-index)",
]

[[package]]
name = "register"
version = "0.3.2"
source = "registry+https://github.com/rust-lang/crates.io-index"
dependencies = [
 "tock-registers 0.3.0 (registry+https://github.com/rust-lang/crates.io-index)",
]

[[package]]
name = "tock-registers"
version = "0.3.0"
source = "registry+https://github.com/rust-lang/crates.io-index"

[metadata]
"checksum register 0.3.2 (registry+https://github.com/rust-lang/crates.io-index)" = "a0f44a6dc9a98359515541a0c46ef4e3630a30879c1d7a4038f31dd533570bfb"
"checksum tock-registers 0.3.0 (registry+https://github.com/rust-lang/crates.io-index)" = "c758f5195a2e0df9d9fecf6f506506b2766ff74cf64db1e995c87e2761a5c3e2"
