# This file is automatically @generated by Cargo.
# It is not intended for manual editing.
[[package]]
name = "arch"
version = "0.1.0"

[[package]]
name = "clock"
version = "0.1.0"

[[package]]
name = "console"
version = "0.1.0"

[[package]]
name = "cpu"
version = "0.1.0"
dependencies = [
 "arch 0.1.0",
]

[[package]]
name = "crb"
version = "0.1.0"
dependencies = [
 "console 0.1.0",
 "model 0.1.0",
 "payloads 0.1.0",
 "print 0.1.0",
 "register 0.3.3 (registry+https://github.com/rust-lang/crates.io-index)",
 "soc 0.1.0",
 "static-ref 0.1.1 (registry+https://github.com/rust-lang/crates.io-index)",
 "uart 0.1.0",
 "wrappers 0.1.0",
]

[[package]]
name = "model"
version = "0.1.0"

[[package]]
name = "payloads"
version = "0.1.0"
dependencies = [
 "model 0.1.0",
]

[[package]]
name = "print"
version = "0.1.0"
dependencies = [
 "model 0.1.0",
]

[[package]]
name = "register"
version = "0.3.3"
source = "registry+https://github.com/rust-lang/crates.io-index"
dependencies = [
 "tock-registers 0.3.0 (registry+https://github.com/rust-lang/crates.io-index)",
]

[[package]]
name = "soc"
version = "0.1.0"
dependencies = [
 "clock 0.1.0",
 "cpu 0.1.0",
 "model 0.1.0",
 "register 0.3.3 (registry+https://github.com/rust-lang/crates.io-index)",
]

[[package]]
name = "static-ref"
version = "0.1.1"
source = "registry+https://github.com/rust-lang/crates.io-index"

[[package]]
name = "tock-registers"
version = "0.3.0"
source = "registry+https://github.com/rust-lang/crates.io-index"

[[package]]
name = "uart"
version = "0.1.0"
dependencies = [
 "clock 0.1.0",
 "model 0.1.0",
 "register 0.3.3 (registry+https://github.com/rust-lang/crates.io-index)",
]

[[package]]
name = "wrappers"
version = "0.1.0"
dependencies = [
 "model 0.1.0",
]

[metadata]
"checksum register 0.3.3 (registry+https://github.com/rust-lang/crates.io-index)" = "469bb5ddde81d67fb8bba4e14d77689b8166cfd077abe7530591cefe29d05823"
"checksum static-ref 0.1.1 (registry+https://github.com/rust-lang/crates.io-index)" = "d0c13349fd3abcbb70dd954f300f5c0c27b71a94f4697adc301501de2c6934d0"
"checksum tock-registers 0.3.0 (registry+https://github.com/rust-lang/crates.io-index)" = "c758f5195a2e0df9d9fecf6f506506b2766ff74cf64db1e995c87e2761a5c3e2"
