# This file is automatically @generated by Cargo.
# It is not intended for manual editing.
[[package]]
name = "arch"
version = "0.1.0"
dependencies = [
 "model",
 "print",
 "wrappers",
]

[[package]]
name = "model"
version = "0.1.0"

[[package]]
name = "print"
version = "0.1.0"
dependencies = [
 "model",
]

[[package]]
name = "wrappers"
version = "0.1.0"
dependencies = [
 "model",
]
