# This file is automatically @generated by Cargo.
# It is not intended for manual editing.
[[package]]
name = "arch"
version = "0.1.0"

[[package]]
name = "clock"
version = "0.1.0"

[[package]]
name = "model"
version = "0.1.0"

[[package]]
name = "register"
version = "0.3.3"
source = "registry+https://github.com/rust-lang/crates.io-index"
checksum = "469bb5ddde81d67fb8bba4e14d77689b8166cfd077abe7530591cefe29d05823"
dependencies = [
 "tock-registers",
]

[[package]]
name = "soc"
version = "0.1.0"
dependencies = [
 "arch",
 "clock",
 "model",
 "register",
]

[[package]]
name = "tock-registers"
version = "0.3.0"
source = "registry+https://github.com/rust-lang/crates.io-index"
checksum = "c758f5195a2e0df9d9fecf6f506506b2766ff74cf64db1e995c87e2761a5c3e2"
